
Microsoft Visual Studio Solution File, Format Version 12.00
# Visual Studio Version 17
VisualStudioVersion = 17.4.33122.133
MinimumVisualStudioVersion = 10.0.40219.1
Project("{9A19103F-16F7-4668-BE54-9A1E7A4F7556}") = "TopAutoSpot", "TopAutoSpot\TopAutoSpot.csproj", "{11B76A50-EE57-40A1-AF91-AE75829AE059}"
EndProject
Project("{FAE04EC0-301F-11D3-BF4B-00C04F79EFBC}") = "TopAutoSpot.Tests", "TopAutoSpot.Tests\TopAutoSpot.Tests.csproj", "{3AA8DBD8-E64E-42F3-8D74-0C05EEEA2953}"
EndProject
Project("{FAE04EC0-301F-11D3-BF4B-00C04F79EFBC}") = "TopAutoSpot.Data", "TopAutoSpot.Data\TopAutoSpot.Data.csproj", "{15CFEAFC-8D16-4915-BCE1-8D1F4E621779}"
EndProject
Project("{FAE04EC0-301F-11D3-BF4B-00C04F79EFBC}") = "TopAutoSpot.Data.Common", "TopAutoSpot.Data.Common\TopAutoSpot.Data.Common.csproj", "{7218CFCC-C586-43FF-83BF-42B5E10BED73}"
EndProject
Project("{FAE04EC0-301F-11D3-BF4B-00C04F79EFBC}") = "TopAutoSpot.Services", "TopAutoSpot.Services\TopAutoSpot.Services.csproj", "{9F795739-6FC8-477F-BF7F-75EC3974EF32}"
EndProject
Project("{2150E333-8FDC-42A3-9474-1A3956D46DE8}") = "Data", "Data", "{47553C76-903A-4700-B58F-F1863F5449FF}"
EndProject
Project("{2150E333-8FDC-42A3-9474-1A3956D46DE8}") = "Services", "Services", "{D9E11D45-929B-4E11-B910-B9F6280B2425}"
EndProject
Project("{2150E333-8FDC-42A3-9474-1A3956D46DE8}") = "Tests", "Tests", "{E8053281-EB97-477A-9B20-14A07B6F3CED}"
EndProject
Project("{2150E333-8FDC-42A3-9474-1A3956D46DE8}") = "Web", "Web", "{B11B8CE9-7E55-40D0-820F-322FD108482C}"
EndProject
Global
	GlobalSection(SolutionConfigurationPlatforms) = preSolution
		Debug|Any CPU = Debug|Any CPU
		Release|Any CPU = Release|Any CPU
	EndGlobalSection
	GlobalSection(ProjectConfigurationPlatforms) = postSolution
		{11B76A50-EE57-40A1-AF91-AE75829AE059}.Debug|Any CPU.ActiveCfg = Debug|Any CPU
		{11B76A50-EE57-40A1-AF91-AE75829AE059}.Debug|Any CPU.Build.0 = Debug|Any CPU
		{11B76A50-EE57-40A1-AF91-AE75829AE059}.Release|Any CPU.ActiveCfg = Release|Any CPU
		{11B76A50-EE57-40A1-AF91-AE75829AE059}.Release|Any CPU.Build.0 = Release|Any CPU
		{3AA8DBD8-E64E-42F3-8D74-0C05EEEA2953}.Debug|Any CPU.ActiveCfg = Debug|Any CPU
		{3AA8DBD8-E64E-42F3-8D74-0C05EEEA2953}.Debug|Any CPU.Build.0 = Debug|Any CPU
		{3AA8DBD8-E64E-42F3-8D74-0C05EEEA2953}.Release|Any CPU.ActiveCfg = Release|Any CPU
		{3AA8DBD8-E64E-42F3-8D74-0C05EEEA2953}.Release|Any CPU.Build.0 = Release|Any CPU
		{15CFEAFC-8D16-4915-BCE1-8D1F4E621779}.Debug|Any CPU.ActiveCfg = Debug|Any CPU
		{15CFEAFC-8D16-4915-BCE1-8D1F4E621779}.Debug|Any CPU.Build.0 = Debug|Any CPU
		{15CFEAFC-8D16-4915-BCE1-8D1F4E621779}.Release|Any CPU.ActiveCfg = Release|Any CPU
		{15CFEAFC-8D16-4915-BCE1-8D1F4E621779}.Release|Any CPU.Build.0 = Release|Any CPU
		{7218CFCC-C586-43FF-83BF-42B5E10BED73}.Debug|Any CPU.ActiveCfg = Debug|Any CPU
		{7218CFCC-C586-43FF-83BF-42B5E10BED73}.Debug|Any CPU.Build.0 = Debug|Any CPU
		{7218CFCC-C586-43FF-83BF-42B5E10BED73}.Release|Any CPU.ActiveCfg = Release|Any CPU
		{7218CFCC-C586-43FF-83BF-42B5E10BED73}.Release|Any CPU.Build.0 = Release|Any CPU
		{9F795739-6FC8-477F-BF7F-75EC3974EF32}.Debug|Any CPU.ActiveCfg = Debug|Any CPU
		{9F795739-6FC8-477F-BF7F-75EC3974EF32}.Debug|Any CPU.Build.0 = Debug|Any CPU
		{9F795739-6FC8-477F-BF7F-75EC3974EF32}.Release|Any CPU.ActiveCfg = Release|Any CPU
		{9F795739-6FC8-477F-BF7F-75EC3974EF32}.Release|Any CPU.Build.0 = Release|Any CPU
	EndGlobalSection
	GlobalSection(SolutionProperties) = preSolution
		HideSolutionNode = FALSE
	EndGlobalSection
	GlobalSection(NestedProjects) = preSolution
		{11B76A50-EE57-40A1-AF91-AE75829AE059} = {B11B8CE9-7E55-40D0-820F-322FD108482C}
		{3AA8DBD8-E64E-42F3-8D74-0C05EEEA2953} = {E8053281-EB97-477A-9B20-14A07B6F3CED}
		{15CFEAFC-8D16-4915-BCE1-8D1F4E621779} = {47553C76-903A-4700-B58F-F1863F5449FF}
		{7218CFCC-C586-43FF-83BF-42B5E10BED73} = {47553C76-903A-4700-B58F-F1863F5449FF}
		{9F795739-6FC8-477F-BF7F-75EC3974EF32} = {D9E11D45-929B-4E11-B910-B9F6280B2425}
	EndGlobalSection
	GlobalSection(ExtensibilityGlobals) = postSolution
		SolutionGuid = {09A1B704-BE61-42D1-9F99-9C276258FAC0}
	EndGlobalSection
EndGlobal
